<?xml version="1.0" encoding="utf-8"?>
<Project ToolsVersion="4.0" xmlns="http://schemas.microsoft.com/developer/msbuild/2003">
  <ItemGroup>
    <Filter Include="Fichiers sources">
      <UniqueIdentifier>{4FC737F1-C7A5-4376-A066-2A32D752A2FF}</UniqueIdentifier>
      <Extensions>cpp;c;cc;cxx;def;odl;idl;hpj;bat;asm;asmx</Extensions>
    </Filter>
    <Filter Include="Fichiers d%27en-tête">
      <UniqueIdentifier>{93995380-89BD-4b04-88EB-625FBE52EBFB}</UniqueIdentifier>
      <Extensions>h;hh;hpp;hxx;hm;inl;inc;xsd</Extensions>
    </Filter>
    <Filter Include="Fichiers de ressources">
      <UniqueIdentifier>{67DA6AB6-F800-4c08-8B7A-83BB121AAD01}</UniqueIdentifier>
      <Extensions>rc;ico;cur;bmp;dlg;rc2;rct;bin;rgs;gif;jpg;jpeg;jpe;resx;tiff;tif;png;wav;mfcribbon-ms</Extensions>
    </Filter>
    <Filter Include="Fichiers sources\core">
      <UniqueIdentifier>{f46ec5d5-5daf-4ad2-925b-82b889e5e995}</UniqueIdentifier>
    </Filter>
    <Filter Include="Fichiers sources\fuzzy">
      <UniqueIdentifier>{c00600c1-8415-4959-8c42-377768c90574}</UniqueIdentifier>
    </Filter>
  </ItemGroup>
  <ItemGroup>
    <ClInclude Include="BinaryExpression.h">
      <Filter>Fichiers sources\core</Filter>
    </ClInclude>
    <ClInclude Include="BinaryExpressionModel.h">
      <Filter>Fichiers sources\core</Filter>
    </ClInclude>
    <ClInclude Include="Expression.h">
      <Filter>Fichiers sources\core</Filter>
    </ClInclude>
    <ClInclude Include="UnaryExpression.h">
      <Filter>Fichiers sources\core</Filter>
    </ClInclude>
    <ClInclude Include="UnaryExpressionModel.h">
      <Filter>Fichiers sources\core</Filter>
    </ClInclude>
    <ClInclude Include="ValueModel.h">
      <Filter>Fichiers sources\core</Filter>
    </ClInclude>
    <ClInclude Include="And.h">
      <Filter>Fichiers sources\fuzzy</Filter>
    </ClInclude>
    <ClInclude Include="NotMinus1.h">
      <Filter>Fichiers sources\fuzzy</Filter>
    </ClInclude>
    <ClInclude Include="Not.h">
      <Filter>Fichiers sources\fuzzy</Filter>
    </ClInclude>
  </ItemGroup>
</Project>